SITE
  remote: http://community.opscode.com/api/v1
  specs:
    apt (2.3.6)
    build-essential (1.4.2)
    python (1.4.6)
      build-essential (>= 0.0.0)
      yum-epel (>= 0.0.0)
    runit (1.5.8)
      build-essential (>= 0.0.0)
      yum (~> 3.0)
      yum-epel (>= 0.0.0)
    yum (3.1.0)
    yum-epel (0.3.2)
      yum (~> 3.0)

GIT
  remote: https://github.com/higanworks/chef-mongodb.git
  ref: xegg
  sha: cbebc5d863805bae86e5870cf28ab268634646ad
  specs:
    mongodb (0.15.0)
      apt (>= 1.8.2)
      python (>= 1.3.0)
      runit (>= 1.1.6)
      yum (>= 0.0.0)

DEPENDENCIES
  mongodb (>= 0)

