SITE
  remote: http://community.opscode.com/api/v1
  specs:
    apt (2.3.6)
    build-essential (1.4.2)
    mongodb (0.13.7)
      apt (>= 1.8.2)
      python (>= 0.0.0)
      runit (>= 1.1.6)
      yum (>= 0.0.0)
    python (1.4.6)
      build-essential (>= 0.0.0)
      yum-epel (>= 0.0.0)
    runit (1.5.8)
      build-essential (>= 0.0.0)
      yum (~> 3.0)
      yum-epel (>= 0.0.0)
    yum (3.0.6)
    yum-epel (0.2.0)
      yum (~> 3.0)

DEPENDENCIES
  mongodb (>= 0)

